{"version":4,"terraform_version":"1.11.5","serial":8,"lineage":"38468d3e-dbf5-c42a-1624-214d09136cac","outputs":{},"resources":[{"mode":"managed","type":"cloudflare_pages_domain","name":"apex","provider":"provider[\"registry.opentofu.org/cloudflare/cloudflare\"]","instances":[{"schema_version":0,"attributes":{"account_id":"f0394a78271fa5ef8b7af26d0263a3b1","domain":"haygrid.com","id":"454bca54-2c46-44c2-8f7b-5fd567fdacde","project_name":"haygrid-site","status":"initializing"},"sensitive_attributes":[],"private":"bnVsbA==","dependencies":["cloudflare_pages_project.haygrid"]}]},{"mode":"managed","type":"cloudflare_pages_domain","name":"production","provider":"provider[\"registry.opentofu.org/cloudflare/cloudflare\"]","instances":[{"schema_version":0,"attributes":{"account_id":"f0394a78271fa5ef8b7af26d0263a3b1","domain":"www.haygrid.com","id":"0e3afa31-f534-4935-a879-af685067606c","project_name":"haygrid-site","status":"deactivated"},"sensitive_attributes":[],"private":"bnVsbA==","dependencies":["cloudflare_pages_project.haygrid"]}]},{"mode":"managed","type":"cloudflare_pages_domain","name":"staging","provider":"provider[\"registry.opentofu.org/cloudflare/cloudflare\"]","instances":[{"schema_version":0,"attributes":{"account_id":"f0394a78271fa5ef8b7af26d0263a3b1","domain":"staging.haygrid.com","id":"981bcfb6-2b28-4002-92ac-7eb74d127666","project_name":"haygrid-site","status":"active"},"sensitive_attributes":[],"private":"bnVsbA==","dependencies":["cloudflare_pages_project.haygrid"]}]},{"mode":"managed","type":"cloudflare_pages_project","name":"haygrid","provider":"provider[\"registry.opentofu.org/cloudflare/cloudflare\"]","instances":[{"schema_version":0,"attributes":{"account_id":"f0394a78271fa5ef8b7af26d0263a3b1","build_config":[{"build_caching":false,"build_command":"npm run build","destination_dir":"out","root_dir":"","web_analytics_tag":"e7c0d9cc4c7a4cfba7416ce723c59cc4","web_analytics_token":"a11048d2de6d46a594ca2ebb85cc94a4"}],"created_on":"2026-04-01T13:50:27Z","deployment_configs":[{"preview":[{"always_use_latest_compatibility_date":false,"compatibility_date":"2026-04-01","compatibility_flags":[],"d1_databases":{},"durable_object_namespaces":{},"environment_variables":{},"fail_open":true,"kv_namespaces":{},"placement":[{"mode":""}],"r2_buckets":{},"secrets":{},"service_binding":[],"usage_model":"standard"}],"production":[{"always_use_latest_compatibility_date":false,"compatibility_date":"2026-04-01","compatibility_flags":[],"d1_databases":{},"durable_object_namespaces":{},"environment_variables":{},"fail_open":true,"kv_namespaces":{},"placement":[{"mode":""}],"r2_buckets":{},"secrets":{},"service_binding":[],"usage_model":"standard"}]}],"domains":["haygrid-site.pages.dev","staging.haygrid.com","www.haygrid.com"],"id":"haygrid-site","name":"haygrid-site","production_branch":"main","source":[{"config":[{"deployments_enabled":true,"owner":"haygrid","pr_comments_enabled":true,"preview_branch_excludes":[],"preview_branch_includes":["staging"],"preview_deployment_setting":"custom","production_branch":"main","production_deployment_enabled":true,"repo_name":"site"}],"type":"github"}],"subdomain":"haygrid-site.pages.dev"},"sensitive_attributes":[[{"type":"get_attr","value":"deployment_configs"},{"type":"index","value":{"value":0,"type":"number"}},{"type":"get_attr","value":"preview"},{"type":"index","value":{"value":0,"type":"number"}},{"type":"get_attr","value":"secrets"}],[{"type":"get_attr","value":"deployment_configs"},{"type":"index","value":{"value":0,"type":"number"}},{"type":"get_attr","value":"production"},{"type":"index","value":{"value":0,"type":"number"}},{"type":"get_attr","value":"secrets"}]],"private":"bnVsbA=="}]},{"mode":"managed","type":"cloudflare_record","name":"apex","provider":"provider[\"registry.opentofu.org/cloudflare/cloudflare\"]","instances":[{"schema_version":3,"attributes":{"allow_overwrite":true,"comment":"","content":"haygrid-site.pages.dev","created_on":"2026-04-01T14:20:22.637522Z","data":[],"hostname":"haygrid.com","id":"545e2e49d564c39810868e1c3f67bacc","metadata":{},"modified_on":"2026-04-01T14:20:22.637522Z","name":"haygrid.com","priority":null,"proxiable":true,"proxied":true,"tags":null,"timeouts":null,"ttl":1,"type":"CNAME","value":null,"zone_id":"07c43d004be84d6665edaa1644b97396"},"sensitive_attributes":[],"private":"eyJlMmJmYjczMC1lY2FhLTExZTYtOGY4OC0zNDM2M2JjN2M0YzAiOnsiY3JlYXRlIjozMDAwMDAwMDAwMCwidXBkYXRlIjozMDAwMDAwMDAwMH0sInNjaGVtYV92ZXJzaW9uIjoiMyJ9"}]},{"mode":"managed","type":"cloudflare_record","name":"staging","provider":"provider[\"registry.opentofu.org/cloudflare/cloudflare\"]","instances":[{"schema_version":3,"attributes":{"allow_overwrite":false,"comment":"","content":"staging.haygrid-site.pages.dev","created_on":"2026-04-01T13:50:27.038074Z","data":[],"hostname":"staging.haygrid.com","id":"3562a0ef05b98217d37e8d028e28bb01","metadata":{},"modified_on":"2026-04-01T13:51:21.916015Z","name":"staging","priority":null,"proxiable":true,"proxied":true,"tags":[],"timeouts":null,"ttl":1,"type":"CNAME","value":"staging.haygrid-site.pages.dev","zone_id":"07c43d004be84d6665edaa1644b97396"},"sensitive_attributes":[],"private":"eyJlMmJmYjczMC1lY2FhLTExZTYtOGY4OC0zNDM2M2JjN2M0YzAiOnsiY3JlYXRlIjozMDAwMDAwMDAwMCwidXBkYXRlIjozMDAwMDAwMDAwMH0sInNjaGVtYV92ZXJzaW9uIjoiMyJ9"}]},{"mode":"managed","type":"cloudflare_record","name":"www","provider":"provider[\"registry.opentofu.org/cloudflare/cloudflare\"]","instances":[{"schema_version":3,"attributes":{"allow_overwrite":true,"comment":"","content":"haygrid-site.pages.dev","created_on":"2026-03-30T06:07:32.945356Z","data":[],"hostname":"www.haygrid.com","id":"10a0749dd1f8cdef8aa7cb62b03b1ac1","metadata":{},"modified_on":"2026-04-01T14:13:58.028837Z","name":"www","priority":null,"proxiable":true,"proxied":true,"tags":[],"timeouts":null,"ttl":1,"type":"CNAME","value":null,"zone_id":"07c43d004be84d6665edaa1644b97396"},"sensitive_attributes":[],"private":"eyJlMmJmYjczMC1lY2FhLTExZTYtOGY4OC0zNDM2M2JjN2M0YzAiOnsiY3JlYXRlIjozMDAwMDAwMDAwMCwidXBkYXRlIjozMDAwMDAwMDAwMH0sInNjaGVtYV92ZXJzaW9uIjoiMyJ9"}]}],"check_results":null}
